{
  "name": "fonts",
  "lockfileVersion": 3,
  "requires": true,
  "packages": {
    "": {
      "dependencies": {
        "@fontsource/noto-emoji": "^5.2.11"
      }
    },
    "node_modules/@fontsource/noto-emoji": {
      "version": "5.2.11",
      "resolved": "https://registry.npmjs.org/@fontsource/noto-emoji/-/noto-emoji-5.2.11.tgz",
      "integrity": "sha512-3xG6tmjv1YgtwExUjqXQ3IgUhXT39V/k3UTbKuKUaRsqNaKzBtKweaZuWtOFUoUccjZEjepWAlLkLEQ4aonB7w==",
      "funding": {
        "url": "https://github.com/sponsors/ayuhito"
      }
    }
  }
}
